
Microsoft Visual Studio Solution File, Format Version 12.00
# Visual Studio Version 17
VisualStudioVersion = 17.13.35913.81 d17.13
MinimumVisualStudioVersion = 10.0.40219.1
Project("{FAE04EC0-301F-11D3-BF4B-00C04F79EFBC}") = "AzureDevopsTests.WebApi", "AzureDevopsTests.WebApi.csproj", "{30DEE004-220B-45A2-B19B-298C559F1C95}"
EndProject
Global
	GlobalSection(SolutionConfigurationPlatforms) = preSolution
		Debug|Any CPU = Debug|Any CPU
		Release|Any CPU = Release|Any CPU
	EndGlobalSection
	GlobalSection(ProjectConfigurationPlatforms) = postSolution
		{30DEE004-220B-45A2-B19B-298C559F1C95}.Debug|Any CPU.ActiveCfg = Debug|Any CPU
		{30DEE004-220B-45A2-B19B-298C559F1C95}.Debug|Any CPU.Build.0 = Debug|Any CPU
		{30DEE004-220B-45A2-B19B-298C559F1C95}.Release|Any CPU.ActiveCfg = Release|Any CPU
		{30DEE004-220B-45A2-B19B-298C559F1C95}.Release|Any CPU.Build.0 = Release|Any CPU
	EndGlobalSection
	GlobalSection(SolutionProperties) = preSolution
		HideSolutionNode = FALSE
	EndGlobalSection
	GlobalSection(ExtensibilityGlobals) = postSolution
		SolutionGuid = {B7107725-B259-461A-931C-0B5214CD0067}
	EndGlobalSection
EndGlobal
